
Microsoft Visual Studio Solution File, Format Version 12.00
# Visual Studio Version 17
VisualStudioVersion = 17.5.33627.172
MinimumVisualStudioVersion = 10.0.40219.1
Project("{9A19103F-16F7-4668-BE54-9A1E7A4F7556}") = "Derify.Core", "Derify.Core\Derify.Core.csproj", "{1C8E497E-148C-4A0E-8EF0-4E13261656B2}"
EndProject
Project("{9A19103F-16F7-4668-BE54-9A1E7A4F7556}") = "Derify.Demo", "Derify.Demo\Derify.Demo.csproj", "{DE0E8DA6-5D1C-4B0F-90DE-2A46754A0416}"
EndProject
Global
	GlobalSection(SolutionConfigurationPlatforms) = preSolution
		Debug|Any CPU = Debug|Any CPU
		Release|Any CPU = Release|Any CPU
	EndGlobalSection
	GlobalSection(ProjectConfigurationPlatforms) = postSolution
		{1C8E497E-148C-4A0E-8EF0-4E13261656B2}.Debug|Any CPU.ActiveCfg = Debug|Any CPU
		{1C8E497E-148C-4A0E-8EF0-4E13261656B2}.Debug|Any CPU.Build.0 = Debug|Any CPU
		{1C8E497E-148C-4A0E-8EF0-4E13261656B2}.Release|Any CPU.ActiveCfg = Release|Any CPU
		{1C8E497E-148C-4A0E-8EF0-4E13261656B2}.Release|Any CPU.Build.0 = Release|Any CPU
		{DE0E8DA6-5D1C-4B0F-90DE-2A46754A0416}.Debug|Any CPU.ActiveCfg = Debug|Any CPU
		{DE0E8DA6-5D1C-4B0F-90DE-2A46754A0416}.Debug|Any CPU.Build.0 = Debug|Any CPU
		{DE0E8DA6-5D1C-4B0F-90DE-2A46754A0416}.Release|Any CPU.ActiveCfg = Release|Any CPU
		{DE0E8DA6-5D1C-4B0F-90DE-2A46754A0416}.Release|Any CPU.Build.0 = Release|Any CPU
	EndGlobalSection
	GlobalSection(SolutionProperties) = preSolution
		HideSolutionNode = FALSE
	EndGlobalSection
	GlobalSection(ExtensibilityGlobals) = postSolution
		SolutionGuid = {AD2C7171-59F2-4BA7-A8D3-9EADAF65D7D2}
	EndGlobalSection
EndGlobal
